// !$*UTF8*$!
{
	archiveVersion = 1;
	classes = {
	};
	objectVersion = 50;
	objects = {

/* Begin PBXBuildFile section */
		34BD7D0C20B53DA900C0E6D6 /* AppDelegate.m in Sources */ = {isa = PBXBuildFile; fileRef = 34BD7D0B20B53DA900C0E6D6 /* AppDelegate.m */; };
		34BD7D0F20B53DA900C0E6D6 /* ViewController.m in Sources */ = {isa = PBXBuildFile; fileRef = 34BD7D0E20B53DA900C0E6D6 /* ViewController.m */; };
		34BD7D1220B53DA900C0E6D6 /* Main.storyboard in Resources */ = {isa = PBXBuildFile; fileRef = 34BD7D1020B53DA900C0E6D6 /* Main.storyboard */; };
		34BD7D1420B53DAA00C0E6D6 /* Assets.xcassets in Resources */ = {isa = PBXBuildFile; fileRef = 34BD7D1320B53DAA00C0E6D6 /* Assets.xcassets */; };
		34BD7D1720B53DAA00C0E6D6 /* LaunchScreen.storyboard in Resources */ = {isa = PBXBuildFile; fileRef = 34BD7D1520B53DAA00C0E6D6 /* LaunchScreen.storyboard */; };
		34BD7D1A20B53DAA00C0E6D6 /* main.m in Sources */ = {isa = PBXBuildFile; fileRef = 34BD7D1920B53DAA00C0E6D6 /* main.m */; };
		34BD7D2420B53DAB00C0E6D6 /* DemoTests.m in Sources */ = {isa = PBXBuildFile; fileRef = 34BD7D2320B53DAB00C0E6D6 /* DemoTests.m */; };
		34BD7D2F20B53DAB00C0E6D6 /* DemoUITests.m in Sources */ = {isa = PBXBuildFile; fileRef = 34BD7D2E20B53DAB00C0E6D6 /* DemoUITests.m */; };
		34BD7D4220B543EA00C0E6D6 /* VerificationTools.m in Sources */ = {isa = PBXBuildFile; fileRef = 34BD7D4120B543EA00C0E6D6 /* VerificationTools.m */; };
		34BD7D4520B5485500C0E6D6 /* EncryptionMD5.m in Sources */ = {isa = PBXBuildFile; fileRef = 34BD7D4420B5485500C0E6D6 /* EncryptionMD5.m */; };
		34BD7D4820B5488C00C0E6D6 /* EncryptionDES.m in Sources */ = {isa = PBXBuildFile; fileRef = 34BD7D4720B5488C00C0E6D6 /* EncryptionDES.m */; };
		34BD7D4C20B548DE00C0E6D6 /* GTMBase64.m in Sources */ = {isa = PBXBuildFile; fileRef = 34BD7D4920B548DE00C0E6D6 /* GTMBase64.m */; };
/* End PBXBuildFile section */

/* Begin PBXContainerItemProxy section */
		34BD7D2020B53DAB00C0E6D6 /* PBXContainerItemProxy */ = {
			isa = PBXContainerItemProxy;
			containerPortal = 34BD7CFF20B53DA900C0E6D6 /* Project object */;
			proxyType = 1;
			remoteGlobalIDString = 34BD7D0620B53DA900C0E6D6;
			remoteInfo = Demo;
		};
		34BD7D2B20B53DAB00C0E6D6 /* PBXContainerItemProxy */ = {
			isa = PBXContainerItemProxy;
			containerPortal = 34BD7CFF20B53DA900C0E6D6 /* Project object */;
			proxyType = 1;
			remoteGlobalIDString = 34BD7D0620B53DA900C0E6D6;
			remoteInfo = Demo;
		};
/* End PBXContainerItemProxy section */

/* Begin PBXFileReference section */
		34BD7D0720B53DA900C0E6D6 /* Demo.app */ = {isa = PBXFileReference; explicitFileType = wrapper.application; includeInIndex = 0; path = Demo.app; sourceTree = BUILT_PRODUCTS_DIR; };
		34BD7D0A20B53DA900C0E6D6 /* AppDelegate.h */ = {isa = PBXFileReference; lastKnownFileType = sourcecode.c.h; path = AppDelegate.h; sourceTree = "<group>"; };
		34BD7D0B20B53DA900C0E6D6 /* AppDelegate.m */ = {isa = PBXFileReference; lastKnownFileType = sourcecode.c.objc; path = AppDelegate.m; sourceTree = "<group>"; };
		34BD7D0D20B53DA900C0E6D6 /* ViewController.h */ = {isa = PBXFileReference; lastKnownFileType = sourcecode.c.h; path = ViewController.h; sourceTree = "<group>"; };
		34BD7D0E20B53DA900C0E6D6 /* ViewController.m */ = {isa = PBXFileReference; lastKnownFileType = sourcecode.c.objc; path = ViewController.m; sourceTree = "<group>"; };
		34BD7D1120B53DA900C0E6D6 /* Base */ = {isa = PBXFileReference; lastKnownFileType = file.storyboard; name = Base; path = Base.lproj/Main.storyboard; sourceTree = "<group>"; };
		34BD7D1320B53DAA00C0E6D6 /* Assets.xcassets */ = {isa = PBXFileReference; lastKnownFileType = folder.assetcatalog; path = Assets.xcassets; sourceTree = "<group>"; };
		34BD7D1620B53DAA00C0E6D6 /* Base */ = {isa = PBXFileReference; lastKnownFileType = file.storyboard; name = Base; path = Base.lproj/LaunchScreen.storyboard; sourceTree = "<group>"; };
		34BD7D1820B53DAA00C0E6D6 /* Info.plist */ = {isa = PBXFileReference; lastKnownFileType = text.plist.xml; path = Info.plist; sourceTree = "<group>"; };
		34BD7D1920B53DAA00C0E6D6 /* main.m */ = {isa = PBXFileReference; lastKnownFileType = sourcecode.c.objc; path = main.m; sourceTree = "<group>"; };
		34BD7D1F20B53DAB00C0E6D6 /* DemoTests.xctest */ = {isa = PBXFileReference; explicitFileType = wrapper.cfbundle; includeInIndex = 0; path = DemoTests.xctest; sourceTree = BUILT_PRODUCTS_DIR; };
		34BD7D2320B53DAB00C0E6D6 /* DemoTests.m */ = {isa = PBXFileReference; lastKnownFileType = sourcecode.c.objc; path = DemoTests.m; sourceTree = "<group>"; };
		34BD7D2520B53DAB00C0E6D6 /* Info.plist */ = {isa = PBXFileReference; lastKnownFileType = text.plist.xml; path = Info.plist; sourceTree = "<group>"; };
		34BD7D2A20B53DAB00C0E6D6 /* DemoUITests.xctest */ = {isa = PBXFileReference; explicitFileType = wrapper.cfbundle; includeInIndex = 0; path = DemoUITests.xctest; sourceTree = BUILT_PRODUCTS_DIR; };
		34BD7D2E20B53DAB00C0E6D6 /* DemoUITests.m */ = {isa = PBXFileReference; lastKnownFileType = sourcecode.c.objc; path = DemoUITests.m; sourceTree = "<group>"; };
		34BD7D3020B53DAB00C0E6D6 /* Info.plist */ = {isa = PBXFileReference; lastKnownFileType = text.plist.xml; path = Info.plist; sourceTree = "<group>"; };
		34BD7D4020B543EA00C0E6D6 /* VerificationTools.h */ = {isa = PBXFileReference; lastKnownFileType = sourcecode.c.h; path = VerificationTools.h; sourceTree = "<group>"; };
		34BD7D4120B543EA00C0E6D6 /* VerificationTools.m */ = {isa = PBXFileReference; lastKnownFileType = sourcecode.c.objc; path = VerificationTools.m; sourceTree = "<group>"; };
		34BD7D4320B5485500C0E6D6 /* EncryptionMD5.h */ = {isa = PBXFileReference; lastKnownFileType = sourcecode.c.h; path = EncryptionMD5.h; sourceTree = "<group>"; };
		34BD7D4420B5485500C0E6D6 /* EncryptionMD5.m */ = {isa = PBXFileReference; lastKnownFileType = sourcecode.c.objc; path = EncryptionMD5.m; sourceTree = "<group>"; };
		34BD7D4620B5488C00C0E6D6 /* EncryptionDES.h */ = {isa = PBXFileReference; lastKnownFileType = sourcecode.c.h; path = EncryptionDES.h; sourceTree = "<group>"; };
		34BD7D4720B5488C00C0E6D6 /* EncryptionDES.m */ = {isa = PBXFileReference; lastKnownFileType = sourcecode.c.objc; path = EncryptionDES.m; sourceTree = "<group>"; };
		34BD7D4920B548DE00C0E6D6 /* GTMBase64.m */ = {isa = PBXFileReference; fileEncoding = 4; lastKnownFileType = sourcecode.c.objc; path = GTMBase64.m; sourceTree = "<group>"; };
		34BD7D4A20B548DE00C0E6D6 /* GTMBase64.h */ = {isa = PBXFileReference; fileEncoding = 4; lastKnownFileType = sourcecode.c.h; path = GTMBase64.h; sourceTree = "<group>"; };
		34BD7D4B20B548DE00C0E6D6 /* GTMDefines.h */ = {isa = PBXFileReference; fileEncoding = 4; lastKnownFileType = sourcecode.c.h; path = GTMDefines.h; sourceTree = "<group>"; };
/* End PBXFileReference section */

/* Begin PBXFrameworksBuildPhase section */
		34BD7D0420B53DA900C0E6D6 /* Frameworks */ = {
			isa = PBXFrameworksBuildPhase;
			buildActionMask = 2147483647;
			files = (
			);
			runOnlyForDeploymentPostprocessing = 0;
		};
		34BD7D1C20B53DAB00C0E6D6 /* Frameworks */ = {
			isa = PBXFrameworksBuildPhase;
			buildActionMask = 2147483647;
			files = (
			);
			runOnlyForDeploymentPostprocessing = 0;
		};
		34BD7D2720B53DAB00C0E6D6 /* Frameworks */ = {
			isa = PBXFrameworksBuildPhase;
			buildActionMask = 2147483647;
			files = (
			);
			runOnlyForDeploymentPostprocessing = 0;
		};
/* End PBXFrameworksBuildPhase section */

/* Begin PBXGroup section */
		34BD7CFE20B53DA900C0E6D6 = {
			isa = PBXGroup;
			children = (
				34BD7D0920B53DA900C0E6D6 /* Demo */,
				34BD7D2220B53DAB00C0E6D6 /* DemoTests */,
				34BD7D2D20B53DAB00C0E6D6 /* DemoUITests */,
				34BD7D0820B53DA900C0E6D6 /* Products */,
			);
			sourceTree = "<group>";
		};
		34BD7D0820B53DA900C0E6D6 /* Products */ = {
			isa = PBXGroup;
			children = (
				34BD7D0720B53DA900C0E6D6 /* Demo.app */,
				34BD7D1F20B53DAB00C0E6D6 /* DemoTests.xctest */,
				34BD7D2A20B53DAB00C0E6D6 /* DemoUITests.xctest */,
			);
			name = Products;
			sourceTree = "<group>";
		};
		34BD7D0920B53DA900C0E6D6 /* Demo */ = {
			isa = PBXGroup;
			children = (
				34BD7D3C20B53DC100C0E6D6 /* ObjcCommonTools */,
				34BD7D0A20B53DA900C0E6D6 /* AppDelegate.h */,
				34BD7D0B20B53DA900C0E6D6 /* AppDelegate.m */,
				34BD7D0D20B53DA900C0E6D6 /* ViewController.h */,
				34BD7D0E20B53DA900C0E6D6 /* ViewController.m */,
				34BD7D1020B53DA900C0E6D6 /* Main.storyboard */,
				34BD7D1320B53DAA00C0E6D6 /* Assets.xcassets */,
				34BD7D1520B53DAA00C0E6D6 /* LaunchScreen.storyboard */,
				34BD7D1820B53DAA00C0E6D6 /* Info.plist */,
				34BD7D1920B53DAA00C0E6D6 /* main.m */,
			);
			path = Demo;
			sourceTree = "<group>";
		};
		34BD7D2220B53DAB00C0E6D6 /* DemoTests */ = {
			isa = PBXGroup;
			children = (
				34BD7D2320B53DAB00C0E6D6 /* DemoTests.m */,
				34BD7D2520B53DAB00C0E6D6 /* Info.plist */,
			);
			path = DemoTests;
			sourceTree = "<group>";
		};
		34BD7D2D20B53DAB00C0E6D6 /* DemoUITests */ = {
			isa = PBXGroup;
			children = (
				34BD7D2E20B53DAB00C0E6D6 /* DemoUITests.m */,
				34BD7D3020B53DAB00C0E6D6 /* Info.plist */,
			);
			path = DemoUITests;
			sourceTree = "<group>";
		};
		34BD7D3C20B53DC100C0E6D6 /* ObjcCommonTools */ = {
			isa = PBXGroup;
			children = (
				34BD7D4020B543EA00C0E6D6 /* VerificationTools.h */,
				34BD7D4120B543EA00C0E6D6 /* VerificationTools.m */,
				34BD7D4320B5485500C0E6D6 /* EncryptionMD5.h */,
				34BD7D4420B5485500C0E6D6 /* EncryptionMD5.m */,
				34BD7D4620B5488C00C0E6D6 /* EncryptionDES.h */,
				34BD7D4720B5488C00C0E6D6 /* EncryptionDES.m */,
				34BD7D4A20B548DE00C0E6D6 /* GTMBase64.h */,
				34BD7D4920B548DE00C0E6D6 /* GTMBase64.m */,
				34BD7D4B20B548DE00C0E6D6 /* GTMDefines.h */,
			);
			name = ObjcCommonTools;
			path = ../../ObjcCommonTools;
			sourceTree = "<group>";
		};
/* End PBXGroup section */

/* Begin PBXNativeTarget section */
		34BD7D0620B53DA900C0E6D6 /* Demo */ = {
			isa = PBXNativeTarget;
			buildConfigurationList = 34BD7D3320B53DAB00C0E6D6 /* Build configuration list for PBXNativeTarget "Demo" */;
			buildPhases = (
				34BD7D0320B53DA900C0E6D6 /* Sources */,
				34BD7D0420B53DA900C0E6D6 /* Frameworks */,
				34BD7D0520B53DA900C0E6D6 /* Resources */,
			);
			buildRules = (
			);
			dependencies = (
			);
			name = Demo;
			productName = Demo;
			productReference = 34BD7D0720B53DA900C0E6D6 /* Demo.app */;
			productType = "com.apple.product-type.application";
		};
		34BD7D1E20B53DAB00C0E6D6 /* DemoTests */ = {
			isa = PBXNativeTarget;
			buildConfigurationList = 34BD7D3620B53DAB00C0E6D6 /* Build configuration list for PBXNativeTarget "DemoTests" */;
			buildPhases = (
				34BD7D1B20B53DAB00C0E6D6 /* Sources */,
				34BD7D1C20B53DAB00C0E6D6 /* Frameworks */,
				34BD7D1D20B53DAB00C0E6D6 /* Resources */,
			);
			buildRules = (
			);
			dependencies = (
				34BD7D2120B53DAB00C0E6D6 /* PBXTargetDependency */,
			);
			name = DemoTests;
			productName = DemoTests;
			productReference = 34BD7D1F20B53DAB00C0E6D6 /* DemoTests.xctest */;
			productType = "com.apple.product-type.bundle.unit-test";
		};
		34BD7D2920B53DAB00C0E6D6 /* DemoUITests */ = {
			isa = PBXNativeTarget;
			buildConfigurationList = 34BD7D3920B53DAB00C0E6D6 /* Build configuration list for PBXNativeTarget "DemoUITests" */;
			buildPhases = (
				34BD7D2620B53DAB00C0E6D6 /* Sources */,
				34BD7D2720B53DAB00C0E6D6 /* Frameworks */,
				34BD7D2820B53DAB00C0E6D6 /* Resources */,
			);
			buildRules = (
			);
			dependencies = (
				34BD7D2C20B53DAB00C0E6D6 /* PBXTargetDependency */,
			);
			name = DemoUITests;
			productName = DemoUITests;
			productReference = 34BD7D2A20B53DAB00C0E6D6 /* DemoUITests.xctest */;
			productType = "com.apple.product-type.bundle.ui-testing";
		};
/* End PBXNativeTarget section */

/* Begin PBXProject section */
		34BD7CFF20B53DA900C0E6D6 /* Project object */ = {
			isa = PBXProject;
			attributes = {
				LastUpgradeCheck = 0930;
				ORGANIZATIONNAME = "Jiankun Zhang";
				TargetAttributes = {
					34BD7D0620B53DA900C0E6D6 = {
						CreatedOnToolsVersion = 9.3;
					};
					34BD7D1E20B53DAB00C0E6D6 = {
						CreatedOnToolsVersion = 9.3;
						TestTargetID = 34BD7D0620B53DA900C0E6D6;
					};
					34BD7D2920B53DAB00C0E6D6 = {
						CreatedOnToolsVersion = 9.3;
						TestTargetID = 34BD7D0620B53DA900C0E6D6;
					};
				};
			};
			buildConfigurationList = 34BD7D0220B53DA900C0E6D6 /* Build configuration list for PBXProject "Demo" */;
			compatibilityVersion = "Xcode 9.3";
			developmentRegion = en;
			hasScannedForEncodings = 0;
			knownRegions = (
				en,
				Base,
			);
			mainGroup = 34BD7CFE20B53DA900C0E6D6;
			productRefGroup = 34BD7D0820B53DA900C0E6D6 /* Products */;
			projectDirPath = "";
			projectRoot = "";
			targets = (
				34BD7D0620B53DA900C0E6D6 /* Demo */,
				34BD7D1E20B53DAB00C0E6D6 /* DemoTests */,
				34BD7D2920B53DAB00C0E6D6 /* DemoUITests */,
			);
		};
/* End PBXProject section */

/* Begin PBXResourcesBuildPhase section */
		34BD7D0520B53DA900C0E6D6 /* Resources */ = {
			isa = PBXResourcesBuildPhase;
			buildActionMask = 2147483647;
			files = (
				34BD7D1720B53DAA00C0E6D6 /* LaunchScreen.storyboard in Resources */,
				34BD7D1420B53DAA00C0E6D6 /* Assets.xcassets in Resources */,
				34BD7D1220B53DA900C0E6D6 /* Main.storyboard in Resources */,
			);
			runOnlyForDeploymentPostprocessing = 0;
		};
		34BD7D1D20B53DAB00C0E6D6 /* Resources */ = {
			isa = PBXResourcesBuildPhase;
			buildActionMask = 2147483647;
			files = (
			);
			runOnlyForDeploymentPostprocessing = 0;
		};
		34BD7D2820B53DAB00C0E6D6 /* Resources */ = {
			isa = PBXResourcesBuildPhase;
			buildActionMask = 2147483647;
			files = (
			);
			runOnlyForDeploymentPostprocessing = 0;
		};
/* End PBXResourcesBuildPhase section */

/* Begin PBXSourcesBuildPhase section */
		34BD7D0320B53DA900C0E6D6 /* Sources */ = {
			isa = PBXSourcesBuildPhase;
			buildActionMask = 2147483647;
			files = (
				34BD7D0F20B53DA900C0E6D6 /* ViewController.m in Sources */,
				34BD7D4220B543EA00C0E6D6 /* VerificationTools.m in Sources */,
				34BD7D4520B5485500C0E6D6 /* EncryptionMD5.m in Sources */,
				34BD7D1A20B53DAA00C0E6D6 /* main.m in Sources */,
				34BD7D0C20B53DA900C0E6D6 /* AppDelegate.m in Sources */,
				34BD7D4820B5488C00C0E6D6 /* EncryptionDES.m in Sources */,
				34BD7D4C20B548DE00C0E6D6 /* GTMBase64.m in Sources */,
			);
			runOnlyForDeploymentPostprocessing = 0;
		};
		34BD7D1B20B53DAB00C0E6D6 /* Sources */ = {
			isa = PBXSourcesBuildPhase;
			buildActionMask = 2147483647;
			files = (
				34BD7D2420B53DAB00C0E6D6 /* DemoTests.m in Sources */,
			);
			runOnlyForDeploymentPostprocessing = 0;
		};
		34BD7D2620B53DAB00C0E6D6 /* Sources */ = {
			isa = PBXSourcesBuildPhase;
			buildActionMask = 2147483647;
			files = (
				34BD7D2F20B53DAB00C0E6D6 /* DemoUITests.m in Sources */,
			);
			runOnlyForDeploymentPostprocessing = 0;
		};
/* End PBXSourcesBuildPhase section */

/* Begin PBXTargetDependency section */
		34BD7D2120B53DAB00C0E6D6 /* PBXTargetDependency */ = {
			isa = PBXTargetDependency;
			target = 34BD7D0620B53DA900C0E6D6 /* Demo */;
			targetProxy = 34BD7D2020B53DAB00C0E6D6 /* PBXContainerItemProxy */;
		};
		34BD7D2C20B53DAB00C0E6D6 /* PBXTargetDependency */ = {
			isa = PBXTargetDependency;
			target = 34BD7D0620B53DA900C0E6D6 /* Demo */;
			targetProxy = 34BD7D2B20B53DAB00C0E6D6 /* PBXContainerItemProxy */;
		};
/* End PBXTargetDependency section */

/* Begin PBXVariantGroup section */
		34BD7D1020B53DA900C0E6D6 /* Main.storyboard */ = {
			isa = PBXVariantGroup;
			children = (
				34BD7D1120B53DA900C0E6D6 /* Base */,
			);
			name = Main.storyboard;
			sourceTree = "<group>";
		};
		34BD7D1520B53DAA00C0E6D6 /* LaunchScreen.storyboard */ = {
			isa = PBXVariantGroup;
			children = (
				34BD7D1620B53DAA00C0E6D6 /* Base */,
			);
			name = LaunchScreen.storyboard;
			sourceTree = "<group>";
		};
/* End PBXVariantGroup section */

/* Begin XCBuildConfiguration section */
		34BD7D3120B53DAB00C0E6D6 /* Debug */ = {
			isa = XCBuildConfiguration;
			buildSettings = {
				ALWAYS_SEARCH_USER_PATHS = NO;
				CLANG_ANALYZER_NONNULL = YES;
				CLANG_ANALYZER_NUMBER_OBJECT_CONVERSION = YES_AGGRESSIVE;
				CLANG_CXX_LANGUAGE_STANDARD = "gnu++14";
				CLANG_CXX_LIBRARY = "libc++";
				CLANG_ENABLE_MODULES = YES;
				CLANG_ENABLE_OBJC_ARC = YES;
				CLANG_ENABLE_OBJC_WEAK = YES;
				CLANG_WARN_BLOCK_CAPTURE_AUTORELEASING = YES;
				CLANG_WARN_BOOL_CONVERSION = YES;
				CLANG_WARN_COMMA = YES;
				CLANG_WARN_CONSTANT_CONVERSION = YES;
				CLANG_WARN_DEPRECATED_OBJC_IMPLEMENTATIONS = YES;
				CLANG_WARN_DIRECT_OBJC_ISA_USAGE = YES_ERROR;
				CLANG_WARN_DOCUMENTATION_COMMENTS = YES;
				CLANG_WARN_EMPTY_BODY = YES;
				CLANG_WARN_ENUM_CONVERSION = YES;
				CLANG_WARN_INFINITE_RECURSION = YES;
				CLANG_WARN_INT_CONVERSION = YES;
				CLANG_WARN_NON_LITERAL_NULL_CONVERSION = YES;
				CLANG_WARN_OBJC_IMPLICIT_RETAIN_SELF = YES;
				CLANG_WARN_OBJC_LITERAL_CONVERSION = YES;
				CLANG_WARN_OBJC_ROOT_CLASS = YES_ERROR;
				CLANG_WARN_RANGE_LOOP_ANALYSIS = YES;
				CLANG_WARN_STRICT_PROTOTYPES = YES;
				CLANG_WARN_SUSPICIOUS_MOVE = YES;
				CLANG_WARN_UNGUARDED_AVAILABILITY = YES_AGGRESSIVE;
				CLANG_WARN_UNREACHABLE_CODE = YES;
				CLANG_WARN__DUPLICATE_METHOD_MATCH = YES;
				CODE_SIGN_IDENTITY = "iPhone Developer";
				COPY_PHASE_STRIP = NO;
				DEBUG_INFORMATION_FORMAT = dwarf;
				ENABLE_STRICT_OBJC_MSGSEND = YES;
				ENABLE_TESTABILITY = YES;
				GCC_C_LANGUAGE_STANDARD = gnu11;
				GCC_DYNAMIC_NO_PIC = NO;
				GCC_NO_COMMON_BLOCKS = YES;
				GCC_OPTIMIZATION_LEVEL = 0;
				GCC_PREPROCESSOR_DEFINITIONS = (
					"DEBUG=1",
					"$(inherited)",
				);
				GCC_WARN_64_TO_32_BIT_CONVERSION = YES;
				GCC_WARN_ABOUT_RETURN_TYPE = YES_ERROR;
				GCC_WARN_UNDECLARED_SELECTOR = YES;
				GCC_WARN_UNINITIALIZED_AUTOS = YES_AGGRESSIVE;
				GCC_WARN_UNUSED_FUNCTION = YES;
				GCC_WARN_UNUSED_VARIABLE = YES;
				IPHONEOS_DEPLOYMENT_TARGET = 11.3;
				MTL_ENABLE_DEBUG_INFO = YES;
				ONLY_ACTIVE_ARCH = YES;
				SDKROOT = iphoneos;
			};
			name = Debug;
		};
		34BD7D3220B53DAB00C0E6D6 /* Release */ = {
			isa = XCBuildConfiguration;
			buildSettings = {
				ALWAYS_SEARCH_USER_PATHS = NO;
				CLANG_ANALYZER_NONNULL = YES;
				CLANG_ANALYZER_NUMBER_OBJECT_CONVERSION = YES_AGGRESSIVE;
				CLANG_CXX_LANGUAGE_STANDARD = "gnu++14";
				CLANG_CXX_LIBRARY = "libc++";
				CLANG_ENABLE_MODULES = YES;
				CLANG_ENABLE_OBJC_ARC = YES;
				CLANG_ENABLE_OBJC_WEAK = YES;
				CLANG_WARN_BLOCK_CAPTURE_AUTORELEASING = YES;
				CLANG_WARN_BOOL_CONVERSION = YES;
				CLANG_WARN_COMMA = YES;
				CLANG_WARN_CONSTANT_CONVERSION = YES;
				CLANG_WARN_DEPRECATED_OBJC_IMPLEMENTATIONS = YES;
				CLANG_WARN_DIRECT_OBJC_ISA_USAGE = YES_ERROR;
				CLANG_WARN_DOCUMENTATION_COMMENTS = YES;
				CLANG_WARN_EMPTY_BODY = YES;
				CLANG_WARN_ENUM_CONVERSION = YES;
				CLANG_WARN_INFINITE_RECURSION = YES;
				CLANG_WARN_INT_CONVERSION = YES;
				CLANG_WARN_NON_LITERAL_NULL_CONVERSION = YES;
				CLANG_WARN_OBJC_IMPLICIT_RETAIN_SELF = YES;
				CLANG_WARN_OBJC_LITERAL_CONVERSION = YES;
				CLANG_WARN_OBJC_ROOT_CLASS = YES_ERROR;
				CLANG_WARN_RANGE_LOOP_ANALYSIS = YES;
				CLANG_WARN_STRICT_PROTOTYPES = YES;
				CLANG_WARN_SUSPICIOUS_MOVE = YES;
				CLANG_WARN_UNGUARDED_AVAILABILITY = YES_AGGRESSIVE;
				CLANG_WARN_UNREACHABLE_CODE = YES;
				CLANG_WARN__DUPLICATE_METHOD_MATCH = YES;
				CODE_SIGN_IDENTITY = "iPhone Developer";
				COPY_PHASE_STRIP = NO;
				DEBUG_INFORMATION_FORMAT = "dwarf-with-dsym";
				ENABLE_NS_ASSERTIONS = NO;
				ENABLE_STRICT_OBJC_MSGSEND = YES;
				GCC_C_LANGUAGE_STANDARD = gnu11;
				GCC_NO_COMMON_BLOCKS = YES;
				GCC_WARN_64_TO_32_BIT_CONVERSION = YES;
				GCC_WARN_ABOUT_RETURN_TYPE = YES_ERROR;
				GCC_WARN_UNDECLARED_SELECTOR = YES;
				GCC_WARN_UNINITIALIZED_AUTOS = YES_AGGRESSIVE;
				GCC_WARN_UNUSED_FUNCTION = YES;
				GCC_WARN_UNUSED_VARIABLE = YES;
				IPHONEOS_DEPLOYMENT_TARGET = 11.3;
				MTL_ENABLE_DEBUG_INFO = NO;
				SDKROOT = iphoneos;
				VALIDATE_PRODUCT = YES;
			};
			name = Release;
		};
		34BD7D3420B53DAB00C0E6D6 /* Debug */ = {
			isa = XCBuildConfiguration;
			buildSettings = {
				ASSETCATALOG_COMPILER_APPICON_NAME = AppIcon;
				CODE_SIGN_STYLE = Automatic;
				DEVELOPMENT_TEAM = 2ZSYAFR9W9;
				INFOPLIST_FILE = Demo/Info.plist;
				LD_RUNPATH_SEARCH_PATHS = (
					"$(inherited)",
					"@executable_path/Frameworks",
				);
				PRODUCT_BUNDLE_IDENTIFIER = com.boe.Demo;
				PRODUCT_NAME = "$(TARGET_NAME)";
				TARGETED_DEVICE_FAMILY = "1,2";
			};
			name = Debug;
		};
		34BD7D3520B53DAB00C0E6D6 /* Release */ = {
			isa = XCBuildConfiguration;
			buildSettings = {
				ASSETCATALOG_COMPILER_APPICON_NAME = AppIcon;
				CODE_SIGN_STYLE = Automatic;
				DEVELOPMENT_TEAM = 2ZSYAFR9W9;
				INFOPLIST_FILE = Demo/Info.plist;
				LD_RUNPATH_SEARCH_PATHS = (
					"$(inherited)",
					"@executable_path/Frameworks",
				);
				PRODUCT_BUNDLE_IDENTIFIER = com.boe.Demo;
				PRODUCT_NAME = "$(TARGET_NAME)";
				TARGETED_DEVICE_FAMILY = "1,2";
			};
			name = Release;
		};
		34BD7D3720B53DAB00C0E6D6 /* Debug */ = {
			isa = XCBuildConfiguration;
			buildSettings = {
				BUNDLE_LOADER = "$(TEST_HOST)";
				CODE_SIGN_STYLE = Automatic;
				DEVELOPMENT_TEAM = 2ZSYAFR9W9;
				INFOPLIST_FILE = DemoTests/Info.plist;
				LD_RUNPATH_SEARCH_PATHS = (
					"$(inherited)",
					"@executable_path/Frameworks",
					"@loader_path/Frameworks",
				);
				PRODUCT_BUNDLE_IDENTIFIER = com.boe.DemoTests;
				PRODUCT_NAME = "$(TARGET_NAME)";
				TARGETED_DEVICE_FAMILY = "1,2";
				TEST_HOST = "$(BUILT_PRODUCTS_DIR)/Demo.app/Demo";
			};
			name = Debug;
		};
		34BD7D3820B53DAB00C0E6D6 /* Release */ = {
			isa = XCBuildConfiguration;
			buildSettings = {
				BUNDLE_LOADER = "$(TEST_HOST)";
				CODE_SIGN_STYLE = Automatic;
				DEVELOPMENT_TEAM = 2ZSYAFR9W9;
				INFOPLIST_FILE = DemoTests/Info.plist;
				LD_RUNPATH_SEARCH_PATHS = (
					"$(inherited)",
					"@executable_path/Frameworks",
					"@loader_path/Frameworks",
				);
				PRODUCT_BUNDLE_IDENTIFIER = com.boe.DemoTests;
				PRODUCT_NAME = "$(TARGET_NAME)";
				TARGETED_DEVICE_FAMILY = "1,2";
				TEST_HOST = "$(BUILT_PRODUCTS_DIR)/Demo.app/Demo";
			};
			name = Release;
		};
		34BD7D3A20B53DAB00C0E6D6 /* Debug */ = {
			isa = XCBuildConfiguration;
			buildSettings = {
				CODE_SIGN_STYLE = Automatic;
				DEVELOPMENT_TEAM = 2ZSYAFR9W9;
				INFOPLIST_FILE = DemoUITests/Info.plist;
				LD_RUNPATH_SEARCH_PATHS = (
					"$(inherited)",
					"@executable_path/Frameworks",
					"@loader_path/Frameworks",
				);
				PRODUCT_BUNDLE_IDENTIFIER = com.boe.DemoUITests;
				PRODUCT_NAME = "$(TARGET_NAME)";
				TARGETED_DEVICE_FAMILY = "1,2";
				TEST_TARGET_NAME = Demo;
			};
			name = Debug;
		};
		34BD7D3B20B53DAB00C0E6D6 /* Release */ = {
			isa = XCBuildConfiguration;
			buildSettings = {
				CODE_SIGN_STYLE = Automatic;
				DEVELOPMENT_TEAM = 2ZSYAFR9W9;
				INFOPLIST_FILE = DemoUITests/Info.plist;
				LD_RUNPATH_SEARCH_PATHS = (
					"$(inherited)",
					"@executable_path/Frameworks",
					"@loader_path/Frameworks",
				);
				PRODUCT_BUNDLE_IDENTIFIER = com.boe.DemoUITests;
				PRODUCT_NAME = "$(TARGET_NAME)";
				TARGETED_DEVICE_FAMILY = "1,2";
				TEST_TARGET_NAME = Demo;
			};
			name = Release;
		};
/* End XCBuildConfiguration section */

/* Begin XCConfigurationList section */
		34BD7D0220B53DA900C0E6D6 /* Build configuration list for PBXProject "Demo" */ = {
			isa = XCConfigurationList;
			buildConfigurations = (
				34BD7D3120B53DAB00C0E6D6 /* Debug */,
				34BD7D3220B53DAB00C0E6D6 /* Release */,
			);
			defaultConfigurationIsVisible = 0;
			defaultConfigurationName = Release;
		};
		34BD7D3320B53DAB00C0E6D6 /* Build configuration list for PBXNativeTarget "Demo" */ = {
			isa = XCConfigurationList;
			buildConfigurations = (
				34BD7D3420B53DAB00C0E6D6 /* Debug */,
				34BD7D3520B53DAB00C0E6D6 /* Release */,
			);
			defaultConfigurationIsVisible = 0;
			defaultConfigurationName = Release;
		};
		34BD7D3620B53DAB00C0E6D6 /* Build configuration list for PBXNativeTarget "DemoTests" */ = {
			isa = XCConfigurationList;
			buildConfigurations = (
				34BD7D3720B53DAB00C0E6D6 /* Debug */,
				34BD7D3820B53DAB00C0E6D6 /* Release */,
			);
			defaultConfigurationIsVisible = 0;
			defaultConfigurationName = Release;
		};
		34BD7D3920B53DAB00C0E6D6 /* Build configuration list for PBXNativeTarget "DemoUITests" */ = {
			isa = XCConfigurationList;
			buildConfigurations = (
				34BD7D3A20B53DAB00C0E6D6 /* Debug */,
				34BD7D3B20B53DAB00C0E6D6 /* Release */,
			);
			defaultConfigurationIsVisible = 0;
			defaultConfigurationName = Release;
		};
/* End XCConfigurationList section */
	};
	rootObject = 34BD7CFF20B53DA900C0E6D6 /* Project object */;
}
